Microsoft Visual Studio Solution File, Format Version 12.00
# Visual Studio Version 17
VisualStudioVersion = 17.5.2.0
MinimumVisualStudioVersion = 10.0.40219.1
Project("{FAE04EC0-301F-11D3-BF4B-00C04F79EFBC}") = "WFLU", "WFLU.csproj", "{1367C039-C86D-801C-B82C-BF80583A7BE0}"
EndProject
Global
	GlobalSection(SolutionConfigurationPlatforms) = preSolution
		Debug|Any CPU = Debug|Any CPU
		Release|Any CPU = Release|Any CPU
	EndGlobalSection
	GlobalSection(ProjectConfigurationPlatforms) = postSolution
		{1367C039-C86D-801C-B82C-BF80583A7BE0}.Debug|Any CPU.ActiveCfg = Debug|Any CPU
		{1367C039-C86D-801C-B82C-BF80583A7BE0}.Debug|Any CPU.Build.0 = Debug|Any CPU
		{1367C039-C86D-801C-B82C-BF80583A7BE0}.Release|Any CPU.ActiveCfg = Release|Any CPU
		{1367C039-C86D-801C-B82C-BF80583A7BE0}.Release|Any CPU.Build.0 = Release|Any CPU
	EndGlobalSection
	GlobalSection(SolutionProperties) = preSolution
		HideSolutionNode = FALSE
	EndGlobalSection
	GlobalSection(ExtensibilityGlobals) = postSolution
		SolutionGuid = {88EDE1C7-EF9F-46E4-B2CD-DC31744D9D6F}
	EndGlobalSection
EndGlobal
